
Microsoft Visual Studio Solution File, Format Version 12.00
# Visual Studio Version 17
VisualStudioVersion = 17.8.34511.84
MinimumVisualStudioVersion = 10.0.40219.1
Project("{FAE04EC0-301F-11D3-BF4B-00C04F79EFBC}") = "MilestoneCST-350(Damien)", "MilestoneCST-350(Damien)\MilestoneCST-350(Damien).csproj", "{8D26081E-6EC7-4700-9785-BE8535C1AB8A}"
EndProject
Global
	GlobalSection(SolutionConfigurationPlatforms) = preSolution
		Debug|Any CPU = Debug|Any CPU
		Release|Any CPU = Release|Any CPU
	EndGlobalSection
	GlobalSection(ProjectConfigurationPlatforms) = postSolution
		{8D26081E-6EC7-4700-9785-BE8535C1AB8A}.Debug|Any CPU.ActiveCfg = Debug|Any CPU
		{8D26081E-6EC7-4700-9785-BE8535C1AB8A}.Debug|Any CPU.Build.0 = Debug|Any CPU
		{8D26081E-6EC7-4700-9785-BE8535C1AB8A}.Release|Any CPU.ActiveCfg = Release|Any CPU
		{8D26081E-6EC7-4700-9785-BE8535C1AB8A}.Release|Any CPU.Build.0 = Release|Any CPU
	EndGlobalSection
	GlobalSection(SolutionProperties) = preSolution
		HideSolutionNode = FALSE
	EndGlobalSection
	GlobalSection(ExtensibilityGlobals) = postSolution
		SolutionGuid = {D97B8C2B-9303-4693-A9A8-D894581B77EE}
	EndGlobalSection
EndGlobal
